
Microsoft Visual Studio Solution File, Format Version 12.00
Project("{FAE04EC0-301F-11D3-BF4B-00C04F79EFBC}") = "StudentsApi", "StudentsApi\StudentsApi.csproj", "{3ED9A278-BD15-4FFE-8402-565902A6D047}"
EndProject
Global
	GlobalSection(SolutionConfigurationPlatforms) = preSolution
		Debug|Any CPU = Debug|Any CPU
		Release|Any CPU = Release|Any CPU
	EndGlobalSection
	GlobalSection(ProjectConfigurationPlatforms) = postSolution
		{3ED9A278-BD15-4FFE-8402-565902A6D047}.Debug|Any CPU.ActiveCfg = Debug|Any CPU
		{3ED9A278-BD15-4FFE-8402-565902A6D047}.Debug|Any CPU.Build.0 = Debug|Any CPU
		{3ED9A278-BD15-4FFE-8402-565902A6D047}.Release|Any CPU.ActiveCfg = Release|Any CPU
		{3ED9A278-BD15-4FFE-8402-565902A6D047}.Release|Any CPU.Build.0 = Release|Any CPU
	EndGlobalSection
EndGlobal
